// !$*UTF8*$!
{
	archiveVersion = 1;
	classes = {
	};
	objectVersion = 56;
	objects = {

/* Begin PBXBuildFile section */
		5D0520B72934DC330080E4C0 /* CaseStudyListStatic.swift in Sources */ = {isa = PBXBuildFile; fileRef = 5D0520B62934DC330080E4C0 /* CaseStudyListStatic.swift */; };
		5D0520B92934E6130080E4C0 /* CaseStudyLazyVGrid.swift in Sources */ = {isa = PBXBuildFile; fileRef = 5D0520B82934E6130080E4C0 /* CaseStudyLazyVGrid.swift */; };
		5D305D20293240F300E42700 /* LifecycleMonitor.swift in Sources */ = {isa = PBXBuildFile; fileRef = 5D305D1F293240F300E42700 /* LifecycleMonitor.swift */; };
		5D305D222932444500E42700 /* CaseStudyScrollViewStatic.swift in Sources */ = {isa = PBXBuildFile; fileRef = 5D305D212932444500E42700 /* CaseStudyScrollViewStatic.swift */; };
		5D305D242932547F00E42700 /* CaseStudyListDynamic.swift in Sources */ = {isa = PBXBuildFile; fileRef = 5D305D232932547F00E42700 /* CaseStudyListDynamic.swift */; };
		5D305D26293260BE00E42700 /* CaseStudyScrollViewDynamic.swift in Sources */ = {isa = PBXBuildFile; fileRef = 5D305D25293260BE00E42700 /* CaseStudyScrollViewDynamic.swift */; };
		5D305D28293260EC00E42700 /* SampleModel.swift in Sources */ = {isa = PBXBuildFile; fileRef = 5D305D27293260EC00E42700 /* SampleModel.swift */; };
		5D305D2A293266D000E42700 /* CaseStudyTabView.swift in Sources */ = {isa = PBXBuildFile; fileRef = 5D305D29293266D000E42700 /* CaseStudyTabView.swift */; };
		5D60F905293FA5F400AE0726 /* CaseStudies.swift in Sources */ = {isa = PBXBuildFile; fileRef = 5D60F904293FA5F400AE0726 /* CaseStudies.swift */; };
		5D60F907293FA8D400AE0726 /* CaseStudyIfElse.swift in Sources */ = {isa = PBXBuildFile; fileRef = 5D60F906293FA8D400AE0726 /* CaseStudyIfElse.swift */; };
		5D60F93F293FBBE800AE0726 /* CaseStudyNavigationStack.swift in Sources */ = {isa = PBXBuildFile; fileRef = 5D60F93E293FBBE800AE0726 /* CaseStudyNavigationStack.swift */; };
		5D6C3F6C2908541100A0C864 /* App.swift in Sources */ = {isa = PBXBuildFile; fileRef = 5D6C3F6B2908541100A0C864 /* App.swift */; };
		5D6C3F6E2908541100A0C864 /* RootView.swift in Sources */ = {isa = PBXBuildFile; fileRef = 5D6C3F6D2908541100A0C864 /* RootView.swift */; };
		5D6C3F702908541200A0C864 /* Assets.xcassets in Resources */ = {isa = PBXBuildFile; fileRef = 5D6C3F6F2908541200A0C864 /* Assets.xcassets */; };
		5D6C3F742908541200A0C864 /* Preview Assets.xcassets in Resources */ = {isa = PBXBuildFile; fileRef = 5D6C3F732908541200A0C864 /* Preview Assets.xcassets */; };
		5D98162D294796AE00EA886F /* CaseStudyIDModifier.swift in Sources */ = {isa = PBXBuildFile; fileRef = 5D98162C294796AE00EA886F /* CaseStudyIDModifier.swift */; };
		5DA368472941063B00E91959 /* CaseStudySwitch.swift in Sources */ = {isa = PBXBuildFile; fileRef = 5DA368462941063B00E91959 /* CaseStudySwitch.swift */; };
		5DEE8421294A2A3A00BD2649 /* CaseStudyLazyVStack.swift in Sources */ = {isa = PBXBuildFile; fileRef = 5DEE8420294A2A3A00BD2649 /* CaseStudyLazyVStack.swift */; };
		5DEE8423294A2BA700BD2649 /* CaseStudyOpacity.swift in Sources */ = {isa = PBXBuildFile; fileRef = 5DEE8422294A2BA700BD2649 /* CaseStudyOpacity.swift */; };
/* End PBXBuildFile section */

/* Begin PBXFileReference section */
		5D0520B62934DC330080E4C0 /* CaseStudyListStatic.swift */ = {isa = PBXFileReference; lastKnownFileType = sourcecode.swift; path = CaseStudyListStatic.swift; sourceTree = "<group>"; };
		5D0520B82934E6130080E4C0 /* CaseStudyLazyVGrid.swift */ = {isa = PBXFileReference; lastKnownFileType = sourcecode.swift; path = CaseStudyLazyVGrid.swift; sourceTree = "<group>"; };
		5D305D1F293240F300E42700 /* LifecycleMonitor.swift */ = {isa = PBXFileReference; lastKnownFileType = sourcecode.swift; path = LifecycleMonitor.swift; sourceTree = "<group>"; };
		5D305D212932444500E42700 /* CaseStudyScrollViewStatic.swift */ = {isa = PBXFileReference; lastKnownFileType = sourcecode.swift; path = CaseStudyScrollViewStatic.swift; sourceTree = "<group>"; };
		5D305D232932547F00E42700 /* CaseStudyListDynamic.swift */ = {isa = PBXFileReference; lastKnownFileType = sourcecode.swift; path = CaseStudyListDynamic.swift; sourceTree = "<group>"; };
		5D305D25293260BE00E42700 /* CaseStudyScrollViewDynamic.swift */ = {isa = PBXFileReference; fileEncoding = 4; lastKnownFileType = sourcecode.swift; path = CaseStudyScrollViewDynamic.swift; sourceTree = "<group>"; };
		5D305D27293260EC00E42700 /* SampleModel.swift */ = {isa = PBXFileReference; lastKnownFileType = sourcecode.swift; path = SampleModel.swift; sourceTree = "<group>"; };
		5D305D29293266D000E42700 /* CaseStudyTabView.swift */ = {isa = PBXFileReference; lastKnownFileType = sourcecode.swift; path = CaseStudyTabView.swift; sourceTree = "<group>"; };
		5D60F904293FA5F400AE0726 /* CaseStudies.swift */ = {isa = PBXFileReference; lastKnownFileType = sourcecode.swift; path = CaseStudies.swift; sourceTree = "<group>"; };
		5D60F906293FA8D400AE0726 /* CaseStudyIfElse.swift */ = {isa = PBXFileReference; lastKnownFileType = sourcecode.swift; path = CaseStudyIfElse.swift; sourceTree = "<group>"; };
		5D60F93E293FBBE800AE0726 /* CaseStudyNavigationStack.swift */ = {isa = PBXFileReference; lastKnownFileType = sourcecode.swift; path = CaseStudyNavigationStack.swift; sourceTree = "<group>"; };
		5D6C3F682908541100A0C864 /* ViewLifecycle.app */ = {isa = PBXFileReference; explicitFileType = wrapper.application; includeInIndex = 0; path = ViewLifecycle.app; sourceTree = BUILT_PRODUCTS_DIR; };
		5D6C3F6B2908541100A0C864 /* App.swift */ = {isa = PBXFileReference; lastKnownFileType = sourcecode.swift; path = App.swift; sourceTree = "<group>"; };
		5D6C3F6D2908541100A0C864 /* RootView.swift */ = {isa = PBXFileReference; lastKnownFileType = sourcecode.swift; path = RootView.swift; sourceTree = "<group>"; };
		5D6C3F6F2908541200A0C864 /* Assets.xcassets */ = {isa = PBXFileReference; lastKnownFileType = folder.assetcatalog; path = Assets.xcassets; sourceTree = "<group>"; };
		5D6C3F712908541200A0C864 /* Entitlements.entitlements */ = {isa = PBXFileReference; lastKnownFileType = text.plist.entitlements; path = Entitlements.entitlements; sourceTree = "<group>"; };
		5D6C3F732908541200A0C864 /* Preview Assets.xcassets */ = {isa = PBXFileReference; lastKnownFileType = folder.assetcatalog; path = "Preview Assets.xcassets"; sourceTree = "<group>"; };
		5D98162C294796AE00EA886F /* CaseStudyIDModifier.swift */ = {isa = PBXFileReference; lastKnownFileType = sourcecode.swift; path = CaseStudyIDModifier.swift; sourceTree = "<group>"; };
		5DA368462941063B00E91959 /* CaseStudySwitch.swift */ = {isa = PBXFileReference; lastKnownFileType = sourcecode.swift; path = CaseStudySwitch.swift; sourceTree = "<group>"; };
		5DA368482941082900E91959 /* LICENSE.md */ = {isa = PBXFileReference; lastKnownFileType = net.daringfireball.markdown; path = LICENSE.md; sourceTree = "<group>"; };
		5DA36849294108CA00E91959 /* README.md */ = {isa = PBXFileReference; lastKnownFileType = net.daringfireball.markdown; path = README.md; sourceTree = "<group>"; };
		5DEE8420294A2A3A00BD2649 /* CaseStudyLazyVStack.swift */ = {isa = PBXFileReference; lastKnownFileType = sourcecode.swift; path = CaseStudyLazyVStack.swift; sourceTree = "<group>"; };
		5DEE8422294A2BA700BD2649 /* CaseStudyOpacity.swift */ = {isa = PBXFileReference; lastKnownFileType = sourcecode.swift; path = CaseStudyOpacity.swift; sourceTree = "<group>"; };
/* End PBXFileReference section */

/* Begin PBXFrameworksBuildPhase section */
		5D6C3F652908541100A0C864 /* Frameworks */ = {
			isa = PBXFrameworksBuildPhase;
			buildActionMask = 2147483647;
			files = (
			);
			runOnlyForDeploymentPostprocessing = 0;
		};
/* End PBXFrameworksBuildPhase section */

/* Begin PBXGroup section */
		5D6C3F5F2908541100A0C864 = {
			isa = PBXGroup;
			children = (
				5DA36849294108CA00E91959 /* README.md */,
				5DA368482941082900E91959 /* LICENSE.md */,
				5D6C3F6A2908541100A0C864 /* ViewLifecycle */,
				5D6C3F692908541100A0C864 /* Products */,
			);
			sourceTree = "<group>";
		};
		5D6C3F692908541100A0C864 /* Products */ = {
			isa = PBXGroup;
			children = (
				5D6C3F682908541100A0C864 /* ViewLifecycle.app */,
			);
			name = Products;
			sourceTree = "<group>";
		};
		5D6C3F6A2908541100A0C864 /* ViewLifecycle */ = {
			isa = PBXGroup;
			children = (
				5D6C3F6B2908541100A0C864 /* App.swift */,
				5D60F904293FA5F400AE0726 /* CaseStudies.swift */,
				5D98162C294796AE00EA886F /* CaseStudyIDModifier.swift */,
				5D60F906293FA8D400AE0726 /* CaseStudyIfElse.swift */,
				5D0520B82934E6130080E4C0 /* CaseStudyLazyVGrid.swift */,
				5DEE8420294A2A3A00BD2649 /* CaseStudyLazyVStack.swift */,
				5D305D232932547F00E42700 /* CaseStudyListDynamic.swift */,
				5D0520B62934DC330080E4C0 /* CaseStudyListStatic.swift */,
				5D60F93E293FBBE800AE0726 /* CaseStudyNavigationStack.swift */,
				5DEE8422294A2BA700BD2649 /* CaseStudyOpacity.swift */,
				5D305D25293260BE00E42700 /* CaseStudyScrollViewDynamic.swift */,
				5D305D212932444500E42700 /* CaseStudyScrollViewStatic.swift */,
				5DA368462941063B00E91959 /* CaseStudySwitch.swift */,
				5D305D29293266D000E42700 /* CaseStudyTabView.swift */,
				5D305D1F293240F300E42700 /* LifecycleMonitor.swift */,
				5D6C3F6D2908541100A0C864 /* RootView.swift */,
				5D305D27293260EC00E42700 /* SampleModel.swift */,
				5D6C3F6F2908541200A0C864 /* Assets.xcassets */,
				5D6C3F712908541200A0C864 /* Entitlements.entitlements */,
				5D6C3F722908541200A0C864 /* Preview Content */,
			);
			path = ViewLifecycle;
			sourceTree = "<group>";
		};
		5D6C3F722908541200A0C864 /* Preview Content */ = {
			isa = PBXGroup;
			children = (
				5D6C3F732908541200A0C864 /* Preview Assets.xcassets */,
			);
			path = "Preview Content";
			sourceTree = "<group>";
		};
/* End PBXGroup section */

/* Begin PBXNativeTarget section */
		5D6C3F672908541100A0C864 /* ViewLifecycle */ = {
			isa = PBXNativeTarget;
			buildConfigurationList = 5D6C3F772908541200A0C864 /* Build configuration list for PBXNativeTarget "ViewLifecycle" */;
			buildPhases = (
				5D6C3F642908541100A0C864 /* Sources */,
				5D6C3F652908541100A0C864 /* Frameworks */,
				5D6C3F662908541100A0C864 /* Resources */,
			);
			buildRules = (
			);
			dependencies = (
			);
			name = ViewLifecycle;
			productName = OnAppearInScrollView;
			productReference = 5D6C3F682908541100A0C864 /* ViewLifecycle.app */;
			productType = "com.apple.product-type.application";
		};
/* End PBXNativeTarget section */

/* Begin PBXProject section */
		5D6C3F602908541100A0C864 /* Project object */ = {
			isa = PBXProject;
			attributes = {
				BuildIndependentTargetsInParallel = 1;
				LastSwiftUpdateCheck = 1410;
				LastUpgradeCheck = 1420;
				TargetAttributes = {
					5D6C3F672908541100A0C864 = {
						CreatedOnToolsVersion = 14.1;
					};
				};
			};
			buildConfigurationList = 5D6C3F632908541100A0C864 /* Build configuration list for PBXProject "ViewLifecycle" */;
			compatibilityVersion = "Xcode 14.0";
			developmentRegion = en;
			hasScannedForEncodings = 0;
			knownRegions = (
				en,
				Base,
			);
			mainGroup = 5D6C3F5F2908541100A0C864;
			productRefGroup = 5D6C3F692908541100A0C864 /* Products */;
			projectDirPath = "";
			projectRoot = "";
			targets = (
				5D6C3F672908541100A0C864 /* ViewLifecycle */,
			);
		};
/* End PBXProject section */

/* Begin PBXResourcesBuildPhase section */
		5D6C3F662908541100A0C864 /* Resources */ = {
			isa = PBXResourcesBuildPhase;
			buildActionMask = 2147483647;
			files = (
				5D6C3F742908541200A0C864 /* Preview Assets.xcassets in Resources */,
				5D6C3F702908541200A0C864 /* Assets.xcassets in Resources */,
			);
			runOnlyForDeploymentPostprocessing = 0;
		};
/* End PBXResourcesBuildPhase section */

/* Begin PBXSourcesBuildPhase section */
		5D6C3F642908541100A0C864 /* Sources */ = {
			isa = PBXSourcesBuildPhase;
			buildActionMask = 2147483647;
			files = (
				5D0520B92934E6130080E4C0 /* CaseStudyLazyVGrid.swift in Sources */,
				5DEE8423294A2BA700BD2649 /* CaseStudyOpacity.swift in Sources */,
				5D0520B72934DC330080E4C0 /* CaseStudyListStatic.swift in Sources */,
				5D305D2A293266D000E42700 /* CaseStudyTabView.swift in Sources */,
				5D305D28293260EC00E42700 /* SampleModel.swift in Sources */,
				5D305D26293260BE00E42700 /* CaseStudyScrollViewDynamic.swift in Sources */,
				5DEE8421294A2A3A00BD2649 /* CaseStudyLazyVStack.swift in Sources */,
				5D60F93F293FBBE800AE0726 /* CaseStudyNavigationStack.swift in Sources */,
				5D98162D294796AE00EA886F /* CaseStudyIDModifier.swift in Sources */,
				5D60F907293FA8D400AE0726 /* CaseStudyIfElse.swift in Sources */,
				5DA368472941063B00E91959 /* CaseStudySwitch.swift in Sources */,
				5D305D222932444500E42700 /* CaseStudyScrollViewStatic.swift in Sources */,
				5D305D242932547F00E42700 /* CaseStudyListDynamic.swift in Sources */,
				5D305D20293240F300E42700 /* LifecycleMonitor.swift in Sources */,
				5D6C3F6E2908541100A0C864 /* RootView.swift in Sources */,
				5D60F905293FA5F400AE0726 /* CaseStudies.swift in Sources */,
				5D6C3F6C2908541100A0C864 /* App.swift in Sources */,
			);
			runOnlyForDeploymentPostprocessing = 0;
		};
/* End PBXSourcesBuildPhase section */

/* Begin XCBuildConfiguration section */
		5D6C3F752908541200A0C864 /* Debug */ = {
			isa = XCBuildConfiguration;
			buildSettings = {
				ALWAYS_SEARCH_USER_PATHS = NO;
				CLANG_ANALYZER_NONNULL = YES;
				CLANG_ANALYZER_NUMBER_OBJECT_CONVERSION = YES_AGGRESSIVE;
				CLANG_CXX_LANGUAGE_STANDARD = "gnu++20";
				CLANG_ENABLE_MODULES = YES;
				CLANG_ENABLE_OBJC_ARC = YES;
				CLANG_ENABLE_OBJC_WEAK = YES;
				CLANG_WARN_BLOCK_CAPTURE_AUTORELEASING = YES;
				CLANG_WARN_BOOL_CONVERSION = YES;
				CLANG_WARN_COMMA = YES;
				CLANG_WARN_CONSTANT_CONVERSION = YES;
				CLANG_WARN_DEPRECATED_OBJC_IMPLEMENTATIONS = YES;
				CLANG_WARN_DIRECT_OBJC_ISA_USAGE = YES_ERROR;
				CLANG_WARN_DOCUMENTATION_COMMENTS = YES;
				CLANG_WARN_EMPTY_BODY = YES;
				CLANG_WARN_ENUM_CONVERSION = YES;
				CLANG_WARN_INFINITE_RECURSION = YES;
				CLANG_WARN_INT_CONVERSION = YES;
				CLANG_WARN_NON_LITERAL_NULL_CONVERSION = YES;
				CLANG_WARN_OBJC_IMPLICIT_RETAIN_SELF = YES;
				CLANG_WARN_OBJC_LITERAL_CONVERSION = YES;
				CLANG_WARN_OBJC_ROOT_CLASS = YES_ERROR;
				CLANG_WARN_QUOTED_INCLUDE_IN_FRAMEWORK_HEADER = YES;
				CLANG_WARN_RANGE_LOOP_ANALYSIS = YES;
				CLANG_WARN_STRICT_PROTOTYPES = YES;
				CLANG_WARN_SUSPICIOUS_MOVE = YES;
				CLANG_WARN_UNGUARDED_AVAILABILITY = YES_AGGRESSIVE;
				CLANG_WARN_UNREACHABLE_CODE = YES;
				CLANG_WARN__DUPLICATE_METHOD_MATCH = YES;
				COPY_PHASE_STRIP = NO;
				DEAD_CODE_STRIPPING = YES;
				DEBUG_INFORMATION_FORMAT = dwarf;
				ENABLE_STRICT_OBJC_MSGSEND = YES;
				ENABLE_TESTABILITY = YES;
				GCC_C_LANGUAGE_STANDARD = gnu11;
				GCC_DYNAMIC_NO_PIC = NO;
				GCC_NO_COMMON_BLOCKS = YES;
				GCC_OPTIMIZATION_LEVEL = 0;
				GCC_PREPROCESSOR_DEFINITIONS = (
					"DEBUG=1",
					"$(inherited)",
				);
				GCC_WARN_64_TO_32_BIT_CONVERSION = YES;
				GCC_WARN_ABOUT_RETURN_TYPE = YES_ERROR;
				GCC_WARN_UNDECLARED_SELECTOR = YES;
				GCC_WARN_UNINITIALIZED_AUTOS = YES_AGGRESSIVE;
				GCC_WARN_UNUSED_FUNCTION = YES;
				GCC_WARN_UNUSED_VARIABLE = YES;
				MTL_ENABLE_DEBUG_INFO = INCLUDE_SOURCE;
				MTL_FAST_MATH = YES;
				ONLY_ACTIVE_ARCH = YES;
				SWIFT_ACTIVE_COMPILATION_CONDITIONS = DEBUG;
				SWIFT_OPTIMIZATION_LEVEL = "-Onone";
			};
			name = Debug;
		};
		5D6C3F762908541200A0C864 /* Release */ = {
			isa = XCBuildConfiguration;
			buildSettings = {
				ALWAYS_SEARCH_USER_PATHS = NO;
				CLANG_ANALYZER_NONNULL = YES;
				CLANG_ANALYZER_NUMBER_OBJECT_CONVERSION = YES_AGGRESSIVE;
				CLANG_CXX_LANGUAGE_STANDARD = "gnu++20";
				CLANG_ENABLE_MODULES = YES;
				CLANG_ENABLE_OBJC_ARC = YES;
				CLANG_ENABLE_OBJC_WEAK = YES;
				CLANG_WARN_BLOCK_CAPTURE_AUTORELEASING = YES;
				CLANG_WARN_BOOL_CONVERSION = YES;
				CLANG_WARN_COMMA = YES;
				CLANG_WARN_CONSTANT_CONVERSION = YES;
				CLANG_WARN_DEPRECATED_OBJC_IMPLEMENTATIONS = YES;
				CLANG_WARN_DIRECT_OBJC_ISA_USAGE = YES_ERROR;
				CLANG_WARN_DOCUMENTATION_COMMENTS = YES;
				CLANG_WARN_EMPTY_BODY = YES;
				CLANG_WARN_ENUM_CONVERSION = YES;
				CLANG_WARN_INFINITE_RECURSION = YES;
				CLANG_WARN_INT_CONVERSION = YES;
				CLANG_WARN_NON_LITERAL_NULL_CONVERSION = YES;
				CLANG_WARN_OBJC_IMPLICIT_RETAIN_SELF = YES;
				CLANG_WARN_OBJC_LITERAL_CONVERSION = YES;
				CLANG_WARN_OBJC_ROOT_CLASS = YES_ERROR;
				CLANG_WARN_QUOTED_INCLUDE_IN_FRAMEWORK_HEADER = YES;
				CLANG_WARN_RANGE_LOOP_ANALYSIS = YES;
				CLANG_WARN_STRICT_PROTOTYPES = YES;
				CLANG_WARN_SUSPICIOUS_MOVE = YES;
				CLANG_WARN_UNGUARDED_AVAILABILITY = YES_AGGRESSIVE;
				CLANG_WARN_UNREACHABLE_CODE = YES;
				CLANG_WARN__DUPLICATE_METHOD_MATCH = YES;
				COPY_PHASE_STRIP = NO;
				DEAD_CODE_STRIPPING = YES;
				DEBUG_INFORMATION_FORMAT = "dwarf-with-dsym";
				ENABLE_NS_ASSERTIONS = NO;
				ENABLE_STRICT_OBJC_MSGSEND = YES;
				GCC_C_LANGUAGE_STANDARD = gnu11;
				GCC_NO_COMMON_BLOCKS = YES;
				GCC_WARN_64_TO_32_BIT_CONVERSION = YES;
				GCC_WARN_ABOUT_RETURN_TYPE = YES_ERROR;
				GCC_WARN_UNDECLARED_SELECTOR = YES;
				GCC_WARN_UNINITIALIZED_AUTOS = YES_AGGRESSIVE;
				GCC_WARN_UNUSED_FUNCTION = YES;
				GCC_WARN_UNUSED_VARIABLE = YES;
				MTL_ENABLE_DEBUG_INFO = NO;
				MTL_FAST_MATH = YES;
				SWIFT_COMPILATION_MODE = wholemodule;
				SWIFT_OPTIMIZATION_LEVEL = "-O";
			};
			name = Release;
		};
		5D6C3F782908541200A0C864 /* Debug */ = {
			isa = XCBuildConfiguration;
			buildSettings = {
				ASSETCATALOG_COMPILER_APPICON_NAME = AppIcon;
				ASSETCATALOG_COMPILER_GLOBAL_ACCENT_COLOR_NAME = AccentColor;
				CODE_SIGN_ENTITLEMENTS = ViewLifecycle/Entitlements.entitlements;
				CODE_SIGN_STYLE = Automatic;
				CURRENT_PROJECT_VERSION = 1;
				DEAD_CODE_STRIPPING = YES;
				DEVELOPMENT_ASSET_PATHS = "\"ViewLifecycle/Preview Content\"";
				DEVELOPMENT_TEAM = "";
				ENABLE_HARDENED_RUNTIME = YES;
				ENABLE_PREVIEWS = YES;
				GENERATE_INFOPLIST_FILE = YES;
				"INFOPLIST_KEY_UIApplicationSceneManifest_Generation[sdk=iphoneos*]" = YES;
				"INFOPLIST_KEY_UIApplicationSceneManifest_Generation[sdk=iphonesimulator*]" = YES;
				"INFOPLIST_KEY_UIApplicationSupportsIndirectInputEvents[sdk=iphoneos*]" = YES;
				"INFOPLIST_KEY_UIApplicationSupportsIndirectInputEvents[sdk=iphonesimulator*]" = YES;
				"INFOPLIST_KEY_UILaunchScreen_Generation[sdk=iphoneos*]" = YES;
				"INFOPLIST_KEY_UILaunchScreen_Generation[sdk=iphonesimulator*]" = YES;
				"INFOPLIST_KEY_UIStatusBarStyle[sdk=iphoneos*]" = UIStatusBarStyleDefault;
				"INFOPLIST_KEY_UIStatusBarStyle[sdk=iphonesimulator*]" = UIStatusBarStyleDefault;
				INFOPLIST_KEY_UISupportedInterfaceOrientations_iPad = "UIInterfaceOrientationPortrait UIInterfaceOrientationPortraitUpsideDown UIInterfaceOrientationLandscapeLeft UIInterfaceOrientationLandscapeRight";
				INFOPLIST_KEY_UISupportedInterfaceOrientations_iPhone = "UIInterfaceOrientationPortrait UIInterfaceOrientationLandscapeLeft UIInterfaceOrientationLandscapeRight";
				IPHONEOS_DEPLOYMENT_TARGET = 16.1;
				LD_RUNPATH_SEARCH_PATHS = "@executable_path/Frameworks";
				"LD_RUNPATH_SEARCH_PATHS[sdk=macosx*]" = "@executable_path/../Frameworks";
				MACOSX_DEPLOYMENT_TARGET = 13.0;
				MARKETING_VERSION = 1.0;
				PRODUCT_BUNDLE_IDENTIFIER = net.oleb.ViewLifecycle;
				PRODUCT_NAME = "$(TARGET_NAME)";
				SDKROOT = auto;
				SUPPORTED_PLATFORMS = "iphoneos iphonesimulator macosx";
				SWIFT_EMIT_LOC_STRINGS = YES;
				SWIFT_VERSION = 5.0;
				TARGETED_DEVICE_FAMILY = "1,2";
			};
			name = Debug;
		};
		5D6C3F792908541200A0C864 /* Release */ = {
			isa = XCBuildConfiguration;
			buildSettings = {
				ASSETCATALOG_COMPILER_APPICON_NAME = AppIcon;
				ASSETCATALOG_COMPILER_GLOBAL_ACCENT_COLOR_NAME = AccentColor;
				CODE_SIGN_ENTITLEMENTS = ViewLifecycle/Entitlements.entitlements;
				CODE_SIGN_STYLE = Automatic;
				CURRENT_PROJECT_VERSION = 1;
				DEAD_CODE_STRIPPING = YES;
				DEVELOPMENT_ASSET_PATHS = "\"ViewLifecycle/Preview Content\"";
				DEVELOPMENT_TEAM = "";
				ENABLE_HARDENED_RUNTIME = YES;
				ENABLE_PREVIEWS = YES;
				GENERATE_INFOPLIST_FILE = YES;
				"INFOPLIST_KEY_UIApplicationSceneManifest_Generation[sdk=iphoneos*]" = YES;
				"INFOPLIST_KEY_UIApplicationSceneManifest_Generation[sdk=iphonesimulator*]" = YES;
				"INFOPLIST_KEY_UIApplicationSupportsIndirectInputEvents[sdk=iphoneos*]" = YES;
				"INFOPLIST_KEY_UIApplicationSupportsIndirectInputEvents[sdk=iphonesimulator*]" = YES;
				"INFOPLIST_KEY_UILaunchScreen_Generation[sdk=iphoneos*]" = YES;
				"INFOPLIST_KEY_UILaunchScreen_Generation[sdk=iphonesimulator*]" = YES;
				"INFOPLIST_KEY_UIStatusBarStyle[sdk=iphoneos*]" = UIStatusBarStyleDefault;
				"INFOPLIST_KEY_UIStatusBarStyle[sdk=iphonesimulator*]" = UIStatusBarStyleDefault;
				INFOPLIST_KEY_UISupportedInterfaceOrientations_iPad = "UIInterfaceOrientationPortrait UIInterfaceOrientationPortraitUpsideDown UIInterfaceOrientationLandscapeLeft UIInterfaceOrientationLandscapeRight";
				INFOPLIST_KEY_UISupportedInterfaceOrientations_iPhone = "UIInterfaceOrientationPortrait UIInterfaceOrientationLandscapeLeft UIInterfaceOrientationLandscapeRight";
				IPHONEOS_DEPLOYMENT_TARGET = 16.1;
				LD_RUNPATH_SEARCH_PATHS = "@executable_path/Frameworks";
				"LD_RUNPATH_SEARCH_PATHS[sdk=macosx*]" = "@executable_path/../Frameworks";
				MACOSX_DEPLOYMENT_TARGET = 13.0;
				MARKETING_VERSION = 1.0;
				PRODUCT_BUNDLE_IDENTIFIER = net.oleb.ViewLifecycle;
				PRODUCT_NAME = "$(TARGET_NAME)";
				SDKROOT = auto;
				SUPPORTED_PLATFORMS = "iphoneos iphonesimulator macosx";
				SWIFT_EMIT_LOC_STRINGS = YES;
				SWIFT_VERSION = 5.0;
				TARGETED_DEVICE_FAMILY = "1,2";
			};
			name = Release;
		};
/* End XCBuildConfiguration section */

/* Begin XCConfigurationList section */
		5D6C3F632908541100A0C864 /* Build configuration list for PBXProject "ViewLifecycle" */ = {
			isa = XCConfigurationList;
			buildConfigurations = (
				5D6C3F752908541200A0C864 /* Debug */,
				5D6C3F762908541200A0C864 /* Release */,
			);
			defaultConfigurationIsVisible = 0;
			defaultConfigurationName = Release;
		};
		5D6C3F772908541200A0C864 /* Build configuration list for PBXNativeTarget "ViewLifecycle" */ = {
			isa = XCConfigurationList;
			buildConfigurations = (
				5D6C3F782908541200A0C864 /* Debug */,
				5D6C3F792908541200A0C864 /* Release */,
			);
			defaultConfigurationIsVisible = 0;
			defaultConfigurationName = Release;
		};
/* End XCConfigurationList section */
	};
	rootObject = 5D6C3F602908541100A0C864 /* Project object */;
}
